PODS:
  - RxCocoa (5.0.0):
    - RxSwift (~> 5)
  - RxGesture (2.2.0):
    - RxCocoa
    - RxSwift
  - RxSwift (5.0.0)

DEPENDENCIES:
  - RxCocoa (from `https://github.com/ReactiveX/RxSwift`)
  - RxGesture (from `../`)
  - RxSwift (from `https://github.com/ReactiveX/RxSwift`)

EXTERNAL SOURCES:
  RxCocoa:
    :git: https://github.com/ReactiveX/RxSwift
  RxGesture:
    :path: "../"
  RxSwift:
    :git: https://github.com/ReactiveX/RxSwift

CHECKOUT OPTIONS:
  RxCocoa:
    :commit: 27b42ed7584a044d9ec6d7968c0d5f464abdcf93
    :git: https://github.com/ReactiveX/RxSwift
  RxSwift:
    :commit: 27b42ed7584a044d9ec6d7968c0d5f464abdcf93
    :git: https://github.com/ReactiveX/RxSwift

SPEC CHECKSUMS:
  RxCocoa: d125f99770486d53eabca3ac7c3fc568beff5ae0
  RxGesture: b37434fb6d171882ef112d22ba171e03cb441548
  RxSwift: 8b0671caa829a763bbce7271095859121cbd895f

PODFILE CHECKSUM: 113a3c5576f2ca979e4692b4db8f10df04bdae43

COCOAPODS: 1.7.0.beta.3
